
Microsoft Visual Studio Solution File, Format Version 12.00
# Visual Studio Version 17
VisualStudioVersion = 17.2.32526.322
MinimumVisualStudioVersion = 10.0.40219.1
Project("{2150E333-8FDC-42A3-9474-1A3956D46DE8}") = "Core", "Core", "{B2B8C490-4757-4A31-8D49-49E3CA4F2B39}"
EndProject
Project("{2150E333-8FDC-42A3-9474-1A3956D46DE8}") = "Infrastructure", "Infrastructure", "{E2AD250D-70C3-4346-B67A-16787ECB2E6D}"
EndProject
Project("{2150E333-8FDC-42A3-9474-1A3956D46DE8}") = "Presentation", "Presentation", "{D94D3279-3EBB-400D-847D-17035E578A95}"
EndProject
Project("{9A19103F-16F7-4668-BE54-9A1E7A4F7556}") = "ETicaret.Application", "Core\ETicaret.Application\ETicaret.Application.csproj", "{FA0A34D9-82A4-4088-A161-8DD33280B4DC}"
EndProject
Project("{9A19103F-16F7-4668-BE54-9A1E7A4F7556}") = "ETicaret.Domain", "Core\ETicaret.Domain\ETicaret.Domain.csproj", "{13F229A8-D21B-4AD5-AEFB-D4A65B86FC86}"
EndProject
Project("{9A19103F-16F7-4668-BE54-9A1E7A4F7556}") = "ETicaret.Persistence", "Infrastructure\ETicaret.Persistence\ETicaret.Persistence.csproj", "{78CA551D-E56F-41E7-9AA2-9AB76FF8A40F}"
EndProject
Project("{9A19103F-16F7-4668-BE54-9A1E7A4F7556}") = "ETicaret.Infrastructure", "Infrastructure\ETicaret.Infrastructure\ETicaret.Infrastructure.csproj", "{999FD395-015C-497F-9223-676B43100A40}"
EndProject
Project("{9A19103F-16F7-4668-BE54-9A1E7A4F7556}") = "ETicaret.API", "ETicaretAPI\ETicaret.API.csproj", "{655F514C-BE75-40A7-8480-48E8A0AD097D}"
EndProject
Project("{9A19103F-16F7-4668-BE54-9A1E7A4F7556}") = "Eticaret.API.Minimal", "Eticaret.API.Minimal\Eticaret.API.Minimal.csproj", "{F17A9DDF-1E7A-4C01-964C-777010294323}"
EndProject
Project("{2150E333-8FDC-42A3-9474-1A3956D46DE8}") = "ETicaretClients", "ETicaretClients", "{C3C3E3D8-4582-4158-BFBA-809BCBCB5C64}"
EndProject
Project("{2150E333-8FDC-42A3-9474-1A3956D46DE8}") = "ETicaretAPI", "ETicaretAPI", "{79B00E90-9ED1-49AA-AB37-322B468DBB84}"
EndProject
Global
	GlobalSection(SolutionConfigurationPlatforms) = preSolution
		Debug|Any CPU = Debug|Any CPU
		Release|Any CPU = Release|Any CPU
	EndGlobalSection
	GlobalSection(ProjectConfigurationPlatforms) = postSolution
		{FA0A34D9-82A4-4088-A161-8DD33280B4DC}.Debug|Any CPU.ActiveCfg = Debug|Any CPU
		{FA0A34D9-82A4-4088-A161-8DD33280B4DC}.Debug|Any CPU.Build.0 = Debug|Any CPU
		{FA0A34D9-82A4-4088-A161-8DD33280B4DC}.Release|Any CPU.ActiveCfg = Release|Any CPU
		{FA0A34D9-82A4-4088-A161-8DD33280B4DC}.Release|Any CPU.Build.0 = Release|Any CPU
		{13F229A8-D21B-4AD5-AEFB-D4A65B86FC86}.Debug|Any CPU.ActiveCfg = Debug|Any CPU
		{13F229A8-D21B-4AD5-AEFB-D4A65B86FC86}.Debug|Any CPU.Build.0 = Debug|Any CPU
		{13F229A8-D21B-4AD5-AEFB-D4A65B86FC86}.Release|Any CPU.ActiveCfg = Release|Any CPU
		{13F229A8-D21B-4AD5-AEFB-D4A65B86FC86}.Release|Any CPU.Build.0 = Release|Any CPU
		{78CA551D-E56F-41E7-9AA2-9AB76FF8A40F}.Debug|Any CPU.ActiveCfg = Debug|Any CPU
		{78CA551D-E56F-41E7-9AA2-9AB76FF8A40F}.Debug|Any CPU.Build.0 = Debug|Any CPU
		{78CA551D-E56F-41E7-9AA2-9AB76FF8A40F}.Release|Any CPU.ActiveCfg = Release|Any CPU
		{78CA551D-E56F-41E7-9AA2-9AB76FF8A40F}.Release|Any CPU.Build.0 = Release|Any CPU
		{999FD395-015C-497F-9223-676B43100A40}.Debug|Any CPU.ActiveCfg = Debug|Any CPU
		{999FD395-015C-497F-9223-676B43100A40}.Debug|Any CPU.Build.0 = Debug|Any CPU
		{999FD395-015C-497F-9223-676B43100A40}.Release|Any CPU.ActiveCfg = Release|Any CPU
		{999FD395-015C-497F-9223-676B43100A40}.Release|Any CPU.Build.0 = Release|Any CPU
		{655F514C-BE75-40A7-8480-48E8A0AD097D}.Debug|Any CPU.ActiveCfg = Debug|Any CPU
		{655F514C-BE75-40A7-8480-48E8A0AD097D}.Debug|Any CPU.Build.0 = Debug|Any CPU
		{655F514C-BE75-40A7-8480-48E8A0AD097D}.Release|Any CPU.ActiveCfg = Release|Any CPU
		{655F514C-BE75-40A7-8480-48E8A0AD097D}.Release|Any CPU.Build.0 = Release|Any CPU
		{F17A9DDF-1E7A-4C01-964C-777010294323}.Debug|Any CPU.ActiveCfg = Debug|Any CPU
		{F17A9DDF-1E7A-4C01-964C-777010294323}.Debug|Any CPU.Build.0 = Debug|Any CPU
		{F17A9DDF-1E7A-4C01-964C-777010294323}.Release|Any CPU.ActiveCfg = Release|Any CPU
		{F17A9DDF-1E7A-4C01-964C-777010294323}.Release|Any CPU.Build.0 = Release|Any CPU
	EndGlobalSection
	GlobalSection(SolutionProperties) = preSolution
		HideSolutionNode = FALSE
	EndGlobalSection
	GlobalSection(NestedProjects) = preSolution
		{FA0A34D9-82A4-4088-A161-8DD33280B4DC} = {B2B8C490-4757-4A31-8D49-49E3CA4F2B39}
		{13F229A8-D21B-4AD5-AEFB-D4A65B86FC86} = {B2B8C490-4757-4A31-8D49-49E3CA4F2B39}
		{78CA551D-E56F-41E7-9AA2-9AB76FF8A40F} = {E2AD250D-70C3-4346-B67A-16787ECB2E6D}
		{999FD395-015C-497F-9223-676B43100A40} = {E2AD250D-70C3-4346-B67A-16787ECB2E6D}
		{655F514C-BE75-40A7-8480-48E8A0AD097D} = {79B00E90-9ED1-49AA-AB37-322B468DBB84}
		{F17A9DDF-1E7A-4C01-964C-777010294323} = {79B00E90-9ED1-49AA-AB37-322B468DBB84}
		{C3C3E3D8-4582-4158-BFBA-809BCBCB5C64} = {D94D3279-3EBB-400D-847D-17035E578A95}
		{79B00E90-9ED1-49AA-AB37-322B468DBB84} = {D94D3279-3EBB-400D-847D-17035E578A95}
	EndGlobalSection
	GlobalSection(ExtensibilityGlobals) = postSolution
		SolutionGuid = {F2D12013-9AA6-4C3E-81DD-8C84772F041B}
	EndGlobalSection
EndGlobal
